
Microsoft Visual Studio Solution File, Format Version 12.00
# Visual Studio Version 17
VisualStudioVersion = 17.0.31903.59
MinimumVisualStudioVersion = 10.0.40219.1
Project("{2150E333-8FDC-42A3-9474-1A3956D46DE8}") = "src", "src", "{827E0CD3-B72D-47B6-A68D-7590B98EB39B}"
EndProject
Project("{FAE04EC0-301F-11D3-BF4B-00C04F79EFBC}") = "Descrio.Core", "src\Descrio.Core\Descrio.Core.csproj", "{63EF9293-726A-41EE-BFA6-E097FA3B6C95}"
EndProject
Project("{FAE04EC0-301F-11D3-BF4B-00C04F79EFBC}") = "Descrio.Generator", "src\Descrio.Generator\Descrio.Generator.csproj", "{712B5C32-F983-45C7-B71E-DE03C18C978F}"
EndProject
Project("{2150E333-8FDC-42A3-9474-1A3956D46DE8}") = "tests", "tests", "{0AB3BF05-4346-4AA6-1389-037BE0695223}"
EndProject
Project("{FAE04EC0-301F-11D3-BF4B-00C04F79EFBC}") = "Descrio.Core.Tests", "tests\Descrio.Core.Tests\Descrio.Core.Tests.csproj", "{B247D01D-50DF-4D8A-B21C-D244ABBD7923}"
EndProject
Project("{FAE04EC0-301F-11D3-BF4B-00C04F79EFBC}") = "Descrio.Generator.Tests", "tests\Descrio.Generator.Tests\Descrio.Generator.Tests.csproj", "{BE6B6FAA-13EF-CBBF-1D18-41BB7A4B2A61}"
EndProject
Global
	GlobalSection(SolutionConfigurationPlatforms) = preSolution
		Debug|Any CPU = Debug|Any CPU
		Debug|x64 = Debug|x64
		Debug|x86 = Debug|x86
		Release|Any CPU = Release|Any CPU
		Release|x64 = Release|x64
		Release|x86 = Release|x86
	EndGlobalSection
	GlobalSection(ProjectConfigurationPlatforms) = postSolution
		{63EF9293-726A-41EE-BFA6-E097FA3B6C95}.Debug|Any CPU.ActiveCfg = Debug|Any CPU
		{63EF9293-726A-41EE-BFA6-E097FA3B6C95}.Debug|Any CPU.Build.0 = Debug|Any CPU
		{63EF9293-726A-41EE-BFA6-E097FA3B6C95}.Debug|x64.ActiveCfg = Debug|Any CPU
		{63EF9293-726A-41EE-BFA6-E097FA3B6C95}.Debug|x64.Build.0 = Debug|Any CPU
		{63EF9293-726A-41EE-BFA6-E097FA3B6C95}.Debug|x86.ActiveCfg = Debug|Any CPU
		{63EF9293-726A-41EE-BFA6-E097FA3B6C95}.Debug|x86.Build.0 = Debug|Any CPU
		{63EF9293-726A-41EE-BFA6-E097FA3B6C95}.Release|Any CPU.ActiveCfg = Release|Any CPU
		{63EF9293-726A-41EE-BFA6-E097FA3B6C95}.Release|Any CPU.Build.0 = Release|Any CPU
		{63EF9293-726A-41EE-BFA6-E097FA3B6C95}.Release|x64.ActiveCfg = Release|Any CPU
		{63EF9293-726A-41EE-BFA6-E097FA3B6C95}.Release|x64.Build.0 = Release|Any CPU
		{63EF9293-726A-41EE-BFA6-E097FA3B6C95}.Release|x86.ActiveCfg = Release|Any CPU
		{63EF9293-726A-41EE-BFA6-E097FA3B6C95}.Release|x86.Build.0 = Release|Any CPU
		{712B5C32-F983-45C7-B71E-DE03C18C978F}.Debug|Any CPU.ActiveCfg = Debug|Any CPU
		{712B5C32-F983-45C7-B71E-DE03C18C978F}.Debug|Any CPU.Build.0 = Debug|Any CPU
		{712B5C32-F983-45C7-B71E-DE03C18C978F}.Debug|x64.ActiveCfg = Debug|Any CPU
		{712B5C32-F983-45C7-B71E-DE03C18C978F}.Debug|x64.Build.0 = Debug|Any CPU
		{712B5C32-F983-45C7-B71E-DE03C18C978F}.Debug|x86.ActiveCfg = Debug|Any CPU
		{712B5C32-F983-45C7-B71E-DE03C18C978F}.Debug|x86.Build.0 = Debug|Any CPU
		{712B5C32-F983-45C7-B71E-DE03C18C978F}.Release|Any CPU.ActiveCfg = Release|Any CPU
		{712B5C32-F983-45C7-B71E-DE03C18C978F}.Release|Any CPU.Build.0 = Release|Any CPU
		{712B5C32-F983-45C7-B71E-DE03C18C978F}.Release|x64.ActiveCfg = Release|Any CPU
		{712B5C32-F983-45C7-B71E-DE03C18C978F}.Release|x64.Build.0 = Release|Any CPU
		{712B5C32-F983-45C7-B71E-DE03C18C978F}.Release|x86.ActiveCfg = Release|Any CPU
		{712B5C32-F983-45C7-B71E-DE03C18C978F}.Release|x86.Build.0 = Release|Any CPU
		{B247D01D-50DF-4D8A-B21C-D244ABBD7923}.Debug|Any CPU.ActiveCfg = Debug|Any CPU
		{B247D01D-50DF-4D8A-B21C-D244ABBD7923}.Debug|Any CPU.Build.0 = Debug|Any CPU
		{B247D01D-50DF-4D8A-B21C-D244ABBD7923}.Debug|x64.ActiveCfg = Debug|Any CPU
		{B247D01D-50DF-4D8A-B21C-D244ABBD7923}.Debug|x64.Build.0 = Debug|Any CPU
		{B247D01D-50DF-4D8A-B21C-D244ABBD7923}.Debug|x86.ActiveCfg = Debug|Any CPU
		{B247D01D-50DF-4D8A-B21C-D244ABBD7923}.Debug|x86.Build.0 = Debug|Any CPU
		{B247D01D-50DF-4D8A-B21C-D244ABBD7923}.Release|Any CPU.ActiveCfg = Release|Any CPU
		{B247D01D-50DF-4D8A-B21C-D244ABBD7923}.Release|Any CPU.Build.0 = Release|Any CPU
		{B247D01D-50DF-4D8A-B21C-D244ABBD7923}.Release|x64.ActiveCfg = Release|Any CPU
		{B247D01D-50DF-4D8A-B21C-D244ABBD7923}.Release|x64.Build.0 = Release|Any CPU
		{B247D01D-50DF-4D8A-B21C-D244ABBD7923}.Release|x86.ActiveCfg = Release|Any CPU
		{B247D01D-50DF-4D8A-B21C-D244ABBD7923}.Release|x86.Build.0 = Release|Any CPU
		{BE6B6FAA-13EF-CBBF-1D18-41BB7A4B2A61}.Debug|Any CPU.ActiveCfg = Debug|Any CPU
		{BE6B6FAA-13EF-CBBF-1D18-41BB7A4B2A61}.Debug|Any CPU.Build.0 = Debug|Any CPU
		{BE6B6FAA-13EF-CBBF-1D18-41BB7A4B2A61}.Debug|x64.ActiveCfg = Debug|Any CPU
		{BE6B6FAA-13EF-CBBF-1D18-41BB7A4B2A61}.Debug|x64.Build.0 = Debug|Any CPU
		{BE6B6FAA-13EF-CBBF-1D18-41BB7A4B2A61}.Debug|x86.ActiveCfg = Debug|Any CPU
		{BE6B6FAA-13EF-CBBF-1D18-41BB7A4B2A61}.Debug|x86.Build.0 = Debug|Any CPU
		{BE6B6FAA-13EF-CBBF-1D18-41BB7A4B2A61}.Release|Any CPU.ActiveCfg = Release|Any CPU
		{BE6B6FAA-13EF-CBBF-1D18-41BB7A4B2A61}.Release|Any CPU.Build.0 = Release|Any CPU
		{BE6B6FAA-13EF-CBBF-1D18-41BB7A4B2A61}.Release|x64.ActiveCfg = Release|Any CPU
		{BE6B6FAA-13EF-CBBF-1D18-41BB7A4B2A61}.Release|x64.Build.0 = Release|Any CPU
		{BE6B6FAA-13EF-CBBF-1D18-41BB7A4B2A61}.Release|x86.ActiveCfg = Release|Any CPU
		{BE6B6FAA-13EF-CBBF-1D18-41BB7A4B2A61}.Release|x86.Build.0 = Release|Any CPU
	EndGlobalSection
	GlobalSection(SolutionProperties) = preSolution
		HideSolutionNode = FALSE
	EndGlobalSection
	GlobalSection(NestedProjects) = preSolution
		{63EF9293-726A-41EE-BFA6-E097FA3B6C95} = {827E0CD3-B72D-47B6-A68D-7590B98EB39B}
		{712B5C32-F983-45C7-B71E-DE03C18C978F} = {827E0CD3-B72D-47B6-A68D-7590B98EB39B}
		{B247D01D-50DF-4D8A-B21C-D244ABBD7923} = {0AB3BF05-4346-4AA6-1389-037BE0695223}
		{BE6B6FAA-13EF-CBBF-1D18-41BB7A4B2A61} = {0AB3BF05-4346-4AA6-1389-037BE0695223}
	EndGlobalSection
EndGlobal
